// !$*UTF8*$!
{
	archiveVersion = 1;
	classes = {
	};
	objectVersion = 50;
	objects = {

/* Begin PBXBuildFile section */
		655B874523CF826900E83FEF /* AppDelegate.swift in Sources */ = {isa = PBXBuildFile; fileRef = 655B874423CF826900E83FEF /* AppDelegate.swift */; };
		655B874723CF826900E83FEF /* SceneDelegate.swift in Sources */ = {isa = PBXBuildFile; fileRef = 655B874623CF826900E83FEF /* SceneDelegate.swift */; };
		655B874923CF826900E83FEF /* ViewController.swift in Sources */ = {isa = PBXBuildFile; fileRef = 655B874823CF826900E83FEF /* ViewController.swift */; };
		655B874C23CF826900E83FEF /* Main.storyboard in Resources */ = {isa = PBXBuildFile; fileRef = 655B874A23CF826900E83FEF /* Main.storyboard */; };
		655B874E23CF826A00E83FEF /* Assets.xcassets in Resources */ = {isa = PBXBuildFile; fileRef = 655B874D23CF826A00E83FEF /* Assets.xcassets */; };
		655B875123CF826A00E83FEF /* LaunchScreen.storyboard in Resources */ = {isa = PBXBuildFile; fileRef = 655B874F23CF826A00E83FEF /* LaunchScreen.storyboard */; };
		658E9DDC23CF83C1003B85E4 /* PlaylistCoreData.xcdatamodeld in Sources */ = {isa = PBXBuildFile; fileRef = 658E9DDA23CF83C1003B85E4 /* PlaylistCoreData.xcdatamodeld */; };
		658E9DDE23CF8734003B85E4 /* Playlist+Convenience.swift in Sources */ = {isa = PBXBuildFile; fileRef = 658E9DDD23CF8734003B85E4 /* Playlist+Convenience.swift */; };
		658E9DE023CF8808003B85E4 /* CoreDataStack.swift in Sources */ = {isa = PBXBuildFile; fileRef = 658E9DDF23CF8808003B85E4 /* CoreDataStack.swift */; };
		658E9DE223CF8980003B85E4 /* Song+Convenience.swift in Sources */ = {isa = PBXBuildFile; fileRef = 658E9DE123CF8980003B85E4 /* Song+Convenience.swift */; };
		658E9DE423CF8D3C003B85E4 /* PlaylistController.swift in Sources */ = {isa = PBXBuildFile; fileRef = 658E9DE323CF8D3C003B85E4 /* PlaylistController.swift */; };
		658E9DE623CF91C3003B85E4 /* SongController.swift in Sources */ = {isa = PBXBuildFile; fileRef = 658E9DE523CF91C3003B85E4 /* SongController.swift */; };
/* End PBXBuildFile section */

/* Begin PBXFileReference section */
		655B874123CF826900E83FEF /* PlaylistCoreData.app */ = {isa = PBXFileReference; explicitFileType = wrapper.application; includeInIndex = 0; path = PlaylistCoreData.app; sourceTree = BUILT_PRODUCTS_DIR; };
		655B874423CF826900E83FEF /* AppDelegate.swift */ = {isa = PBXFileReference; lastKnownFileType = sourcecode.swift; path = AppDelegate.swift; sourceTree = "<group>"; };
		655B874623CF826900E83FEF /* SceneDelegate.swift */ = {isa = PBXFileReference; lastKnownFileType = sourcecode.swift; path = SceneDelegate.swift; sourceTree = "<group>"; };
		655B874823CF826900E83FEF /* ViewController.swift */ = {isa = PBXFileReference; lastKnownFileType = sourcecode.swift; path = ViewController.swift; sourceTree = "<group>"; };
		655B874B23CF826900E83FEF /* Base */ = {isa = PBXFileReference; lastKnownFileType = file.storyboard; name = Base; path = Base.lproj/Main.storyboard; sourceTree = "<group>"; };
		655B874D23CF826A00E83FEF /* Assets.xcassets */ = {isa = PBXFileReference; lastKnownFileType = folder.assetcatalog; path = Assets.xcassets; sourceTree = "<group>"; };
		655B875023CF826A00E83FEF /* Base */ = {isa = PBXFileReference; lastKnownFileType = file.storyboard; name = Base; path = Base.lproj/LaunchScreen.storyboard; sourceTree = "<group>"; };
		655B875223CF826A00E83FEF /* Info.plist */ = {isa = PBXFileReference; lastKnownFileType = text.plist.xml; path = Info.plist; sourceTree = "<group>"; };
		658E9DDB23CF83C1003B85E4 /* PlaylistCoreData.xcdatamodel */ = {isa = PBXFileReference; lastKnownFileType = wrapper.xcdatamodel; path = PlaylistCoreData.xcdatamodel; sourceTree = "<group>"; };
		658E9DDD23CF8734003B85E4 /* Playlist+Convenience.swift */ = {isa = PBXFileReference; lastKnownFileType = sourcecode.swift; path = "Playlist+Convenience.swift"; sourceTree = "<group>"; };
		658E9DDF23CF8808003B85E4 /* CoreDataStack.swift */ = {isa = PBXFileReference; lastKnownFileType = sourcecode.swift; path = CoreDataStack.swift; sourceTree = "<group>"; };
		658E9DE123CF8980003B85E4 /* Song+Convenience.swift */ = {isa = PBXFileReference; lastKnownFileType = sourcecode.swift; path = "Song+Convenience.swift"; sourceTree = "<group>"; };
		658E9DE323CF8D3C003B85E4 /* PlaylistController.swift */ = {isa = PBXFileReference; lastKnownFileType = sourcecode.swift; path = PlaylistController.swift; sourceTree = "<group>"; };
		658E9DE523CF91C3003B85E4 /* SongController.swift */ = {isa = PBXFileReference; lastKnownFileType = sourcecode.swift; path = SongController.swift; sourceTree = "<group>"; };
/* End PBXFileReference section */

/* Begin PBXFrameworksBuildPhase section */
		655B873E23CF826900E83FEF /* Frameworks */ = {
			isa = PBXFrameworksBuildPhase;
			buildActionMask = 2147483647;
			files = (
			);
			runOnlyForDeploymentPostprocessing = 0;
		};
/* End PBXFrameworksBuildPhase section */

/* Begin PBXGroup section */
		655B873823CF826800E83FEF = {
			isa = PBXGroup;
			children = (
				655B874323CF826900E83FEF /* PlaylistCoreData */,
				655B874223CF826900E83FEF /* Products */,
			);
			sourceTree = "<group>";
		};
		655B874223CF826900E83FEF /* Products */ = {
			isa = PBXGroup;
			children = (
				655B874123CF826900E83FEF /* PlaylistCoreData.app */,
			);
			name = Products;
			sourceTree = "<group>";
		};
		655B874323CF826900E83FEF /* PlaylistCoreData */ = {
			isa = PBXGroup;
			children = (
				655B875923CF828900E83FEF /* Model */,
				655B875A23CF82A000E83FEF /* Controllers */,
				655B875D23CF82BF00E83FEF /* Views */,
				655B875823CF827500E83FEF /* Resources */,
			);
			path = PlaylistCoreData;
			sourceTree = "<group>";
		};
		655B875823CF827500E83FEF /* Resources */ = {
			isa = PBXGroup;
			children = (
				658E9DDA23CF83C1003B85E4 /* PlaylistCoreData.xcdatamodeld */,
				655B874423CF826900E83FEF /* AppDelegate.swift */,
				655B874623CF826900E83FEF /* SceneDelegate.swift */,
				655B875223CF826A00E83FEF /* Info.plist */,
				655B874D23CF826A00E83FEF /* Assets.xcassets */,
				655B874F23CF826A00E83FEF /* LaunchScreen.storyboard */,
			);
			path = Resources;
			sourceTree = "<group>";
		};
		655B875923CF828900E83FEF /* Model */ = {
			isa = PBXGroup;
			children = (
				658E9DDD23CF8734003B85E4 /* Playlist+Convenience.swift */,
				658E9DE123CF8980003B85E4 /* Song+Convenience.swift */,
				658E9DDF23CF8808003B85E4 /* CoreDataStack.swift */,
			);
			path = Model;
			sourceTree = "<group>";
		};
		655B875A23CF82A000E83FEF /* Controllers */ = {
			isa = PBXGroup;
			children = (
				655B875C23CF82AD00E83FEF /* Model Controllers */,
				655B875B23CF82A600E83FEF /* View Controllers */,
			);
			path = Controllers;
			sourceTree = "<group>";
		};
		655B875B23CF82A600E83FEF /* View Controllers */ = {
			isa = PBXGroup;
			children = (
				655B874823CF826900E83FEF /* ViewController.swift */,
			);
			path = "View Controllers";
			sourceTree = "<group>";
		};
		655B875C23CF82AD00E83FEF /* Model Controllers */ = {
			isa = PBXGroup;
			children = (
				658E9DE323CF8D3C003B85E4 /* PlaylistController.swift */,
				658E9DE523CF91C3003B85E4 /* SongController.swift */,
			);
			path = "Model Controllers";
			sourceTree = "<group>";
		};
		655B875D23CF82BF00E83FEF /* Views */ = {
			isa = PBXGroup;
			children = (
				655B874A23CF826900E83FEF /* Main.storyboard */,
			);
			path = Views;
			sourceTree = "<group>";
		};
/* End PBXGroup section */

/* Begin PBXNativeTarget section */
		655B874023CF826900E83FEF /* PlaylistCoreData */ = {
			isa = PBXNativeTarget;
			buildConfigurationList = 655B875523CF826A00E83FEF /* Build configuration list for PBXNativeTarget "PlaylistCoreData" */;
			buildPhases = (
				655B873D23CF826900E83FEF /* Sources */,
				655B873E23CF826900E83FEF /* Frameworks */,
				655B873F23CF826900E83FEF /* Resources */,
			);
			buildRules = (
			);
			dependencies = (
			);
			name = PlaylistCoreData;
			productName = PlaylistCoreData;
			productReference = 655B874123CF826900E83FEF /* PlaylistCoreData.app */;
			productType = "com.apple.product-type.application";
		};
/* End PBXNativeTarget section */

/* Begin PBXProject section */
		655B873923CF826800E83FEF /* Project object */ = {
			isa = PBXProject;
			attributes = {
				LastSwiftUpdateCheck = 1130;
				LastUpgradeCheck = 1130;
				ORGANIZATIONNAME = "Devin Singh";
				TargetAttributes = {
					655B874023CF826900E83FEF = {
						CreatedOnToolsVersion = 11.3;
					};
				};
			};
			buildConfigurationList = 655B873C23CF826800E83FEF /* Build configuration list for PBXProject "PlaylistCoreData" */;
			compatibilityVersion = "Xcode 9.3";
			developmentRegion = en;
			hasScannedForEncodings = 0;
			knownRegions = (
				en,
				Base,
			);
			mainGroup = 655B873823CF826800E83FEF;
			productRefGroup = 655B874223CF826900E83FEF /* Products */;
			projectDirPath = "";
			projectRoot = "";
			targets = (
				655B874023CF826900E83FEF /* PlaylistCoreData */,
			);
		};
/* End PBXProject section */

/* Begin PBXResourcesBuildPhase section */
		655B873F23CF826900E83FEF /* Resources */ = {
			isa = PBXResourcesBuildPhase;
			buildActionMask = 2147483647;
			files = (
				655B875123CF826A00E83FEF /* LaunchScreen.storyboard in Resources */,
				655B874E23CF826A00E83FEF /* Assets.xcassets in Resources */,
				655B874C23CF826900E83FEF /* Main.storyboard in Resources */,
			);
			runOnlyForDeploymentPostprocessing = 0;
		};
/* End PBXResourcesBuildPhase section */

/* Begin PBXSourcesBuildPhase section */
		655B873D23CF826900E83FEF /* Sources */ = {
			isa = PBXSourcesBuildPhase;
			buildActionMask = 2147483647;
			files = (
				658E9DE623CF91C3003B85E4 /* SongController.swift in Sources */,
				655B874923CF826900E83FEF /* ViewController.swift in Sources */,
				658E9DE423CF8D3C003B85E4 /* PlaylistController.swift in Sources */,
				658E9DDE23CF8734003B85E4 /* Playlist+Convenience.swift in Sources */,
				655B874523CF826900E83FEF /* AppDelegate.swift in Sources */,
				658E9DE023CF8808003B85E4 /* CoreDataStack.swift in Sources */,
				658E9DDC23CF83C1003B85E4 /* PlaylistCoreData.xcdatamodeld in Sources */,
				655B874723CF826900E83FEF /* SceneDelegate.swift in Sources */,
				658E9DE223CF8980003B85E4 /* Song+Convenience.swift in Sources */,
			);
			runOnlyForDeploymentPostprocessing = 0;
		};
/* End PBXSourcesBuildPhase section */

/* Begin PBXVariantGroup section */
		655B874A23CF826900E83FEF /* Main.storyboard */ = {
			isa = PBXVariantGroup;
			children = (
				655B874B23CF826900E83FEF /* Base */,
			);
			name = Main.storyboard;
			sourceTree = "<group>";
		};
		655B874F23CF826A00E83FEF /* LaunchScreen.storyboard */ = {
			isa = PBXVariantGroup;
			children = (
				655B875023CF826A00E83FEF /* Base */,
			);
			name = LaunchScreen.storyboard;
			sourceTree = "<group>";
		};
/* End PBXVariantGroup section */

/* Begin XCBuildConfiguration section */
		655B875323CF826A00E83FEF /* Debug */ = {
			isa = XCBuildConfiguration;
			buildSettings = {
				ALWAYS_SEARCH_USER_PATHS = NO;
				CLANG_ANALYZER_NONNULL = YES;
				CLANG_ANALYZER_NUMBER_OBJECT_CONVERSION = YES_AGGRESSIVE;
				CLANG_CXX_LANGUAGE_STANDARD = "gnu++14";
				CLANG_CXX_LIBRARY = "libc++";
				CLANG_ENABLE_MODULES = YES;
				CLANG_ENABLE_OBJC_ARC = YES;
				CLANG_ENABLE_OBJC_WEAK = YES;
				CLANG_WARN_BLOCK_CAPTURE_AUTORELEASING = YES;
				CLANG_WARN_BOOL_CONVERSION = YES;
				CLANG_WARN_COMMA = YES;
				CLANG_WARN_CONSTANT_CONVERSION = YES;
				CLANG_WARN_DEPRECATED_OBJC_IMPLEMENTATIONS = YES;
				CLANG_WARN_DIRECT_OBJC_ISA_USAGE = YES_ERROR;
				CLANG_WARN_DOCUMENTATION_COMMENTS = YES;
				CLANG_WARN_EMPTY_BODY = YES;
				CLANG_WARN_ENUM_CONVERSION = YES;
				CLANG_WARN_INFINITE_RECURSION = YES;
				CLANG_WARN_INT_CONVERSION = YES;
				CLANG_WARN_NON_LITERAL_NULL_CONVERSION = YES;
				CLANG_WARN_OBJC_IMPLICIT_RETAIN_SELF = YES;
				CLANG_WARN_OBJC_LITERAL_CONVERSION = YES;
				CLANG_WARN_OBJC_ROOT_CLASS = YES_ERROR;
				CLANG_WARN_RANGE_LOOP_ANALYSIS = YES;
				CLANG_WARN_STRICT_PROTOTYPES = YES;
				CLANG_WARN_SUSPICIOUS_MOVE = YES;
				CLANG_WARN_UNGUARDED_AVAILABILITY = YES_AGGRESSIVE;
				CLANG_WARN_UNREACHABLE_CODE = YES;
				CLANG_WARN__DUPLICATE_METHOD_MATCH = YES;
				COPY_PHASE_STRIP = NO;
				DEBUG_INFORMATION_FORMAT = dwarf;
				ENABLE_STRICT_OBJC_MSGSEND = YES;
				ENABLE_TESTABILITY = YES;
				GCC_C_LANGUAGE_STANDARD = gnu11;
				GCC_DYNAMIC_NO_PIC = NO;
				GCC_NO_COMMON_BLOCKS = YES;
				GCC_OPTIMIZATION_LEVEL = 0;
				GCC_PREPROCESSOR_DEFINITIONS = (
					"DEBUG=1",
					"$(inherited)",
				);
				GCC_WARN_64_TO_32_BIT_CONVERSION = YES;
				GCC_WARN_ABOUT_RETURN_TYPE = YES_ERROR;
				GCC_WARN_UNDECLARED_SELECTOR = YES;
				GCC_WARN_UNINITIALIZED_AUTOS = YES_AGGRESSIVE;
				GCC_WARN_UNUSED_FUNCTION = YES;
				GCC_WARN_UNUSED_VARIABLE = YES;
				IPHONEOS_DEPLOYMENT_TARGET = 13.2;
				MTL_ENABLE_DEBUG_INFO = INCLUDE_SOURCE;
				MTL_FAST_MATH = YES;
				ONLY_ACTIVE_ARCH = YES;
				SDKROOT = iphoneos;
				SWIFT_ACTIVE_COMPILATION_CONDITIONS = DEBUG;
				SWIFT_OPTIMIZATION_LEVEL = "-Onone";
			};
			name = Debug;
		};
		655B875423CF826A00E83FEF /* Release */ = {
			isa = XCBuildConfiguration;
			buildSettings = {
				ALWAYS_SEARCH_USER_PATHS = NO;
				CLANG_ANALYZER_NONNULL = YES;
				CLANG_ANALYZER_NUMBER_OBJECT_CONVERSION = YES_AGGRESSIVE;
				CLANG_CXX_LANGUAGE_STANDARD = "gnu++14";
				CLANG_CXX_LIBRARY = "libc++";
				CLANG_ENABLE_MODULES = YES;
				CLANG_ENABLE_OBJC_ARC = YES;
				CLANG_ENABLE_OBJC_WEAK = YES;
				CLANG_WARN_BLOCK_CAPTURE_AUTORELEASING = YES;
				CLANG_WARN_BOOL_CONVERSION = YES;
				CLANG_WARN_COMMA = YES;
				CLANG_WARN_CONSTANT_CONVERSION = YES;
				CLANG_WARN_DEPRECATED_OBJC_IMPLEMENTATIONS = YES;
				CLANG_WARN_DIRECT_OBJC_ISA_USAGE = YES_ERROR;
				CLANG_WARN_DOCUMENTATION_COMMENTS = YES;
				CLANG_WARN_EMPTY_BODY = YES;
				CLANG_WARN_ENUM_CONVERSION = YES;
				CLANG_WARN_INFINITE_RECURSION = YES;
				CLANG_WARN_INT_CONVERSION = YES;
				CLANG_WARN_NON_LITERAL_NULL_CONVERSION = YES;
				CLANG_WARN_OBJC_IMPLICIT_RETAIN_SELF = YES;
				CLANG_WARN_OBJC_LITERAL_CONVERSION = YES;
				CLANG_WARN_OBJC_ROOT_CLASS = YES_ERROR;
				CLANG_WARN_RANGE_LOOP_ANALYSIS = YES;
				CLANG_WARN_STRICT_PROTOTYPES = YES;
				CLANG_WARN_SUSPICIOUS_MOVE = YES;
				CLANG_WARN_UNGUARDED_AVAILABILITY = YES_AGGRESSIVE;
				CLANG_WARN_UNREACHABLE_CODE = YES;
				CLANG_WARN__DUPLICATE_METHOD_MATCH = YES;
				COPY_PHASE_STRIP = NO;
				DEBUG_INFORMATION_FORMAT = "dwarf-with-dsym";
				ENABLE_NS_ASSERTIONS = NO;
				ENABLE_STRICT_OBJC_MSGSEND = YES;
				GCC_C_LANGUAGE_STANDARD = gnu11;
				GCC_NO_COMMON_BLOCKS = YES;
				GCC_WARN_64_TO_32_BIT_CONVERSION = YES;
				GCC_WARN_ABOUT_RETURN_TYPE = YES_ERROR;
				GCC_WARN_UNDECLARED_SELECTOR = YES;
				GCC_WARN_UNINITIALIZED_AUTOS = YES_AGGRESSIVE;
				GCC_WARN_UNUSED_FUNCTION = YES;
				GCC_WARN_UNUSED_VARIABLE = YES;
				IPHONEOS_DEPLOYMENT_TARGET = 13.2;
				MTL_ENABLE_DEBUG_INFO = NO;
				MTL_FAST_MATH = YES;
				SDKROOT = iphoneos;
				SWIFT_COMPILATION_MODE = wholemodule;
				SWIFT_OPTIMIZATION_LEVEL = "-O";
				VALIDATE_PRODUCT = YES;
			};
			name = Release;
		};
		655B875623CF826A00E83FEF /* Debug */ = {
			isa = XCBuildConfiguration;
			buildSettings = {
				ASSETCATALOG_COMPILER_APPICON_NAME = AppIcon;
				CODE_SIGN_STYLE = Automatic;
				DEVELOPMENT_TEAM = 78Q4S5C992;
				INFOPLIST_FILE = PlaylistCoreData/Resources/Info.plist;
				LD_RUNPATH_SEARCH_PATHS = (
					"$(inherited)",
					"@executable_path/Frameworks",
				);
				PRODUCT_BUNDLE_IDENTIFIER = com.DevinS.PlaylistCoreData;
				PRODUCT_NAME = "$(TARGET_NAME)";
				SWIFT_VERSION = 5.0;
				TARGETED_DEVICE_FAMILY = "1,2";
			};
			name = Debug;
		};
		655B875723CF826A00E83FEF /* Release */ = {
			isa = XCBuildConfiguration;
			buildSettings = {
				ASSETCATALOG_COMPILER_APPICON_NAME = AppIcon;
				CODE_SIGN_STYLE = Automatic;
				DEVELOPMENT_TEAM = 78Q4S5C992;
				INFOPLIST_FILE = PlaylistCoreData/Resources/Info.plist;
				LD_RUNPATH_SEARCH_PATHS = (
					"$(inherited)",
					"@executable_path/Frameworks",
				);
				PRODUCT_BUNDLE_IDENTIFIER = com.DevinS.PlaylistCoreData;
				PRODUCT_NAME = "$(TARGET_NAME)";
				SWIFT_VERSION = 5.0;
				TARGETED_DEVICE_FAMILY = "1,2";
			};
			name = Release;
		};
/* End XCBuildConfiguration section */

/* Begin XCConfigurationList section */
		655B873C23CF826800E83FEF /* Build configuration list for PBXProject "PlaylistCoreData" */ = {
			isa = XCConfigurationList;
			buildConfigurations = (
				655B875323CF826A00E83FEF /* Debug */,
				655B875423CF826A00E83FEF /* Release */,
			);
			defaultConfigurationIsVisible = 0;
			defaultConfigurationName = Release;
		};
		655B875523CF826A00E83FEF /* Build configuration list for PBXNativeTarget "PlaylistCoreData" */ = {
			isa = XCConfigurationList;
			buildConfigurations = (
				655B875623CF826A00E83FEF /* Debug */,
				655B875723CF826A00E83FEF /* Release */,
			);
			defaultConfigurationIsVisible = 0;
			defaultConfigurationName = Release;
		};
/* End XCConfigurationList section */

/* Begin XCVersionGroup section */
		658E9DDA23CF83C1003B85E4 /* PlaylistCoreData.xcdatamodeld */ = {
			isa = XCVersionGroup;
			children = (
				658E9DDB23CF83C1003B85E4 /* PlaylistCoreData.xcdatamodel */,
			);
			currentVersion = 658E9DDB23CF83C1003B85E4 /* PlaylistCoreData.xcdatamodel */;
			path = PlaylistCoreData.xcdatamodeld;
			sourceTree = "<group>";
			versionGroupType = wrapper.xcdatamodel;
		};
/* End XCVersionGroup section */
	};
	rootObject = 655B873923CF826800E83FEF /* Project object */;
}
